
Microsoft Visual Studio Solution File, Format Version 12.00
# Visual Studio 2013
VisualStudioVersion = 12.0.21005.1
MinimumVisualStudioVersion = 10.0.40219.1
Project("{FAE04EC0-301F-11D3-BF4B-00C04F79EFBC}") = "Prototype1", "Prototype1\Prototype1.csproj", "{518D1F71-B7D3-424D-944B-F0D4EEFD6BB3}"
EndProject
Global
	GlobalSection(SolutionConfigurationPlatforms) = preSolution
		Debug|Any CPU = Debug|Any CPU
		Release|Any CPU = Release|Any CPU
	EndGlobalSection
	GlobalSection(ProjectConfigurationPlatforms) = postSolution
		{518D1F71-B7D3-424D-944B-F0D4EEFD6BB3}.Debug|Any CPU.ActiveCfg = Debug|Any CPU
		{518D1F71-B7D3-424D-944B-F0D4EEFD6BB3}.Debug|Any CPU.Build.0 = Debug|Any CPU
		{518D1F71-B7D3-424D-944B-F0D4EEFD6BB3}.Release|Any CPU.ActiveCfg = Release|Any CPU
		{518D1F71-B7D3-424D-944B-F0D4EEFD6BB3}.Release|Any CPU.Build.0 = Release|Any CPU
	EndGlobalSection
	GlobalSection(SolutionProperties) = preSolution
		HideSolutionNode = FALSE
	EndGlobalSection
EndGlobal
